// !$*UTF8*$!
{
	archiveVersion = 1;
	classes = {
	};
	objectVersion = 50;
	objects = {

/* Begin PBXBuildFile section */
		633442C225D477980082BBB9 /* LoginPageView.swift in Sources */ = {isa = PBXBuildFile; fileRef = 633442C125D477980082BBB9 /* LoginPageView.swift */; };
		63676B4C25E724C5003C1065 /* FeaturedSection.swift in Sources */ = {isa = PBXBuildFile; fileRef = 63676B4825E724C5003C1065 /* FeaturedSection.swift */; };
		63676B4D25E724C5003C1065 /* BasicGridSection.swift in Sources */ = {isa = PBXBuildFile; fileRef = 63676B4925E724C5003C1065 /* BasicGridSection.swift */; };
		63676B4E25E724C5003C1065 /* TitleSection.swift in Sources */ = {isa = PBXBuildFile; fileRef = 63676B4A25E724C5003C1065 /* TitleSection.swift */; };
		63676B4F25E724C5003C1065 /* FavoritesSection.swift in Sources */ = {isa = PBXBuildFile; fileRef = 63676B4B25E724C5003C1065 /* FavoritesSection.swift */; };
		63676B5325E724F7003C1065 /* HomeVC.swift in Sources */ = {isa = PBXBuildFile; fileRef = 63676B5225E724F7003C1065 /* HomeVC.swift */; };
		63676B6025E724FF003C1065 /* TitleCell.swift in Sources */ = {isa = PBXBuildFile; fileRef = 63676B5725E724FF003C1065 /* TitleCell.swift */; };
		63676B6125E724FF003C1065 /* FavoritesCell.swift in Sources */ = {isa = PBXBuildFile; fileRef = 63676B5825E724FF003C1065 /* FavoritesCell.swift */; };
		63676B6225E724FF003C1065 /* FeaturedCell.xib in Resources */ = {isa = PBXBuildFile; fileRef = 63676B5925E724FF003C1065 /* FeaturedCell.xib */; };
		63676B6325E724FF003C1065 /* GridCell.xib in Resources */ = {isa = PBXBuildFile; fileRef = 63676B5A25E724FF003C1065 /* GridCell.xib */; };
		63676B6425E724FF003C1065 /* FavoritesCell.xib in Resources */ = {isa = PBXBuildFile; fileRef = 63676B5B25E724FF003C1065 /* FavoritesCell.xib */; };
		63676B6525E724FF003C1065 /* TitleCell.xib in Resources */ = {isa = PBXBuildFile; fileRef = 63676B5C25E724FF003C1065 /* TitleCell.xib */; };
		63676B6625E724FF003C1065 /* FeaturedCell.swift in Sources */ = {isa = PBXBuildFile; fileRef = 63676B5D25E724FF003C1065 /* FeaturedCell.swift */; };
		63676B6725E724FF003C1065 /* GridCell.swift in Sources */ = {isa = PBXBuildFile; fileRef = 63676B5E25E724FF003C1065 /* GridCell.swift */; };
		63676B6825E724FF003C1065 /* Section.swift in Sources */ = {isa = PBXBuildFile; fileRef = 63676B5F25E724FF003C1065 /* Section.swift */; };
		636C911825CB770900642027 /* OnboardingPageView.swift in Sources */ = {isa = PBXBuildFile; fileRef = 636C911725CB770900642027 /* OnboardingPageView.swift */; };
		637B69A625D210DF00D476B4 /* HomeViewController.swift in Sources */ = {isa = PBXBuildFile; fileRef = 637B69A525D210DF00D476B4 /* HomeViewController.swift */; };
		637B69A925D2110100D476B4 /* LoginVC.swift in Sources */ = {isa = PBXBuildFile; fileRef = 637B69A825D2110100D476B4 /* LoginVC.swift */; };
		639D9E5925D70BF40005F333 /* TabBarController.swift in Sources */ = {isa = PBXBuildFile; fileRef = 639D9E5825D70BF40005F333 /* TabBarController.swift */; };
		639D9E5F25D70C4F0005F333 /* NewBoxVC.swift in Sources */ = {isa = PBXBuildFile; fileRef = 639D9E5E25D70C4F0005F333 /* NewBoxVC.swift */; };
		639D9E6625D70C860005F333 /* HistoryVC.swift in Sources */ = {isa = PBXBuildFile; fileRef = 639D9E6525D70C860005F333 /* HistoryVC.swift */; };
		63A2DED525C76FBB00C1D31B /* AppDelegate.swift in Sources */ = {isa = PBXBuildFile; fileRef = 63A2DED425C76FBB00C1D31B /* AppDelegate.swift */; };
		63A2DED725C76FBB00C1D31B /* SceneDelegate.swift in Sources */ = {isa = PBXBuildFile; fileRef = 63A2DED625C76FBB00C1D31B /* SceneDelegate.swift */; };
		63A2DED925C76FBB00C1D31B /* OnboardingVC.swift in Sources */ = {isa = PBXBuildFile; fileRef = 63A2DED825C76FBB00C1D31B /* OnboardingVC.swift */; };
		63A2DEDE25C76FBC00C1D31B /* Assets.xcassets in Resources */ = {isa = PBXBuildFile; fileRef = 63A2DEDD25C76FBC00C1D31B /* Assets.xcassets */; };
		63B050BA25DB4E7C00FBF8C9 /* HistoryCell.swift in Sources */ = {isa = PBXBuildFile; fileRef = 63B050B925DB4E7C00FBF8C9 /* HistoryCell.swift */; };
		63B050C025DB516E00FBF8C9 /* HistoryData.swift in Sources */ = {isa = PBXBuildFile; fileRef = 63B050BF25DB516E00FBF8C9 /* HistoryData.swift */; };
		63B050C425DB65B100FBF8C9 /* BoxItemVC.swift in Sources */ = {isa = PBXBuildFile; fileRef = 63B050C325DB65B100FBF8C9 /* BoxItemVC.swift */; };
		63DD458725DC9A5200C2EBBC /* UIView+Ext.swift in Sources */ = {isa = PBXBuildFile; fileRef = 63DD458625DC9A5200C2EBBC /* UIView+Ext.swift */; };
		63DD458B25DC9C8A00C2EBBC /* BoxItemCell.swift in Sources */ = {isa = PBXBuildFile; fileRef = 63DD458A25DC9C8A00C2EBBC /* BoxItemCell.swift */; };
		63FFF80025E33FE900B41335 /* NewBoxCell.swift in Sources */ = {isa = PBXBuildFile; fileRef = 63FFF7FF25E33FE900B41335 /* NewBoxCell.swift */; };
/* End PBXBuildFile section */

/* Begin PBXFileReference section */
		633442C125D477980082BBB9 /* LoginPageView.swift */ = {isa = PBXFileReference; lastKnownFileType = sourcecode.swift; path = LoginPageView.swift; sourceTree = "<group>"; };
		63676B4825E724C5003C1065 /* FeaturedSection.swift */ = {isa = PBXFileReference; fileEncoding = 4; lastKnownFileType = sourcecode.swift; path = FeaturedSection.swift; sourceTree = "<group>"; };
		63676B4925E724C5003C1065 /* BasicGridSection.swift */ = {isa = PBXFileReference; fileEncoding = 4; lastKnownFileType = sourcecode.swift; path = BasicGridSection.swift; sourceTree = "<group>"; };
		63676B4A25E724C5003C1065 /* TitleSection.swift */ = {isa = PBXFileReference; fileEncoding = 4; lastKnownFileType = sourcecode.swift; path = TitleSection.swift; sourceTree = "<group>"; };
		63676B4B25E724C5003C1065 /* FavoritesSection.swift */ = {isa = PBXFileReference; fileEncoding = 4; lastKnownFileType = sourcecode.swift; path = FavoritesSection.swift; sourceTree = "<group>"; };
		63676B5225E724F7003C1065 /* HomeVC.swift */ = {isa = PBXFileReference; fileEncoding = 4; lastKnownFileType = sourcecode.swift; path = HomeVC.swift; sourceTree = "<group>"; };
		63676B5725E724FF003C1065 /* TitleCell.swift */ = {isa = PBXFileReference; fileEncoding = 4; lastKnownFileType = sourcecode.swift; path = TitleCell.swift; sourceTree = "<group>"; };
		63676B5825E724FF003C1065 /* FavoritesCell.swift */ = {isa = PBXFileReference; fileEncoding = 4; lastKnownFileType = sourcecode.swift; path = FavoritesCell.swift; sourceTree = "<group>"; };
		63676B5925E724FF003C1065 /* FeaturedCell.xib */ = {isa = PBXFileReference; fileEncoding = 4; lastKnownFileType = file.xib; path = FeaturedCell.xib; sourceTree = "<group>"; };
		63676B5A25E724FF003C1065 /* GridCell.xib */ = {isa = PBXFileReference; fileEncoding = 4; lastKnownFileType = file.xib; path = GridCell.xib; sourceTree = "<group>"; };
		63676B5B25E724FF003C1065 /* FavoritesCell.xib */ = {isa = PBXFileReference; fileEncoding = 4; lastKnownFileType = file.xib; path = FavoritesCell.xib; sourceTree = "<group>"; };
		63676B5C25E724FF003C1065 /* TitleCell.xib */ = {isa = PBXFileReference; fileEncoding = 4; lastKnownFileType = file.xib; path = TitleCell.xib; sourceTree = "<group>"; };
		63676B5D25E724FF003C1065 /* FeaturedCell.swift */ = {isa = PBXFileReference; fileEncoding = 4; lastKnownFileType = sourcecode.swift; path = FeaturedCell.swift; sourceTree = "<group>"; };
		63676B5E25E724FF003C1065 /* GridCell.swift */ = {isa = PBXFileReference; fileEncoding = 4; lastKnownFileType = sourcecode.swift; path = GridCell.swift; sourceTree = "<group>"; };
		63676B5F25E724FF003C1065 /* Section.swift */ = {isa = PBXFileReference; fileEncoding = 4; lastKnownFileType = sourcecode.swift; path = Section.swift; sourceTree = "<group>"; };
		636C911725CB770900642027 /* OnboardingPageView.swift */ = {isa = PBXFileReference; lastKnownFileType = sourcecode.swift; path = OnboardingPageView.swift; sourceTree = "<group>"; };
		637B69A525D210DF00D476B4 /* HomeViewController.swift */ = {isa = PBXFileReference; lastKnownFileType = sourcecode.swift; path = HomeViewController.swift; sourceTree = "<group>"; };
		637B69A825D2110100D476B4 /* LoginVC.swift */ = {isa = PBXFileReference; lastKnownFileType = sourcecode.swift; path = LoginVC.swift; sourceTree = "<group>"; };
		639D9E5825D70BF40005F333 /* TabBarController.swift */ = {isa = PBXFileReference; lastKnownFileType = sourcecode.swift; path = TabBarController.swift; sourceTree = "<group>"; };
		639D9E5E25D70C4F0005F333 /* NewBoxVC.swift */ = {isa = PBXFileReference; lastKnownFileType = sourcecode.swift; path = NewBoxVC.swift; sourceTree = "<group>"; };
		639D9E6525D70C860005F333 /* HistoryVC.swift */ = {isa = PBXFileReference; lastKnownFileType = sourcecode.swift; path = HistoryVC.swift; sourceTree = "<group>"; };
		63A2DED125C76FBB00C1D31B /* subscription-box.app */ = {isa = PBXFileReference; explicitFileType = wrapper.application; includeInIndex = 0; path = "subscription-box.app"; sourceTree = BUILT_PRODUCTS_DIR; };
		63A2DED425C76FBB00C1D31B /* AppDelegate.swift */ = {isa = PBXFileReference; lastKnownFileType = sourcecode.swift; path = AppDelegate.swift; sourceTree = "<group>"; };
		63A2DED625C76FBB00C1D31B /* SceneDelegate.swift */ = {isa = PBXFileReference; lastKnownFileType = sourcecode.swift; path = SceneDelegate.swift; sourceTree = "<group>"; };
		63A2DED825C76FBB00C1D31B /* OnboardingVC.swift */ = {isa = PBXFileReference; lastKnownFileType = sourcecode.swift; path = OnboardingVC.swift; sourceTree = "<group>"; };
		63A2DEDD25C76FBC00C1D31B /* Assets.xcassets */ = {isa = PBXFileReference; lastKnownFileType = folder.assetcatalog; path = Assets.xcassets; sourceTree = "<group>"; };
		63A2DEE225C76FBC00C1D31B /* Info.plist */ = {isa = PBXFileReference; lastKnownFileType = text.plist.xml; path = Info.plist; sourceTree = "<group>"; };
		63B050B925DB4E7C00FBF8C9 /* HistoryCell.swift */ = {isa = PBXFileReference; lastKnownFileType = sourcecode.swift; path = HistoryCell.swift; sourceTree = "<group>"; };
		63B050BF25DB516E00FBF8C9 /* HistoryData.swift */ = {isa = PBXFileReference; lastKnownFileType = sourcecode.swift; path = HistoryData.swift; sourceTree = "<group>"; };
		63B050C325DB65B100FBF8C9 /* BoxItemVC.swift */ = {isa = PBXFileReference; lastKnownFileType = sourcecode.swift; path = BoxItemVC.swift; sourceTree = "<group>"; };
		63DD458625DC9A5200C2EBBC /* UIView+Ext.swift */ = {isa = PBXFileReference; lastKnownFileType = sourcecode.swift; path = "UIView+Ext.swift"; sourceTree = "<group>"; };
		63DD458A25DC9C8A00C2EBBC /* BoxItemCell.swift */ = {isa = PBXFileReference; lastKnownFileType = sourcecode.swift; path = BoxItemCell.swift; sourceTree = "<group>"; };
		63FFF7FF25E33FE900B41335 /* NewBoxCell.swift */ = {isa = PBXFileReference; lastKnownFileType = sourcecode.swift; path = NewBoxCell.swift; sourceTree = "<group>"; };
/* End PBXFileReference section */

/* Begin PBXFrameworksBuildPhase section */
		63A2DECE25C76FBB00C1D31B /* Frameworks */ = {
			isa = PBXFrameworksBuildPhase;
			buildActionMask = 2147483647;
			files = (
			);
			runOnlyForDeploymentPostprocessing = 0;
		};
/* End PBXFrameworksBuildPhase section */

/* Begin PBXGroup section */
		63676B4725E724C5003C1065 /* Sections */ = {
			isa = PBXGroup;
			children = (
				63676B4825E724C5003C1065 /* FeaturedSection.swift */,
				63676B4925E724C5003C1065 /* BasicGridSection.swift */,
				63676B4A25E724C5003C1065 /* TitleSection.swift */,
				63676B4B25E724C5003C1065 /* FavoritesSection.swift */,
			);
			name = Sections;
			path = ../../../CompositionalLayout/CompositionalCollection/Sections;
			sourceTree = "<group>";
		};
		63676B5125E724F7003C1065 /* Controller */ = {
			isa = PBXGroup;
			children = (
				63676B5225E724F7003C1065 /* HomeVC.swift */,
			);
			path = Controller;
			sourceTree = "<group>";
		};
		63676B5525E724FF003C1065 /* Views */ = {
			isa = PBXGroup;
			children = (
				63676B5625E724FF003C1065 /* Cells */,
				63676B5F25E724FF003C1065 /* Section.swift */,
			);
			path = Views;
			sourceTree = "<group>";
		};
		63676B5625E724FF003C1065 /* Cells */ = {
			isa = PBXGroup;
			children = (
				63676B5725E724FF003C1065 /* TitleCell.swift */,
				63676B5825E724FF003C1065 /* FavoritesCell.swift */,
				63676B5925E724FF003C1065 /* FeaturedCell.xib */,
				63676B5A25E724FF003C1065 /* GridCell.xib */,
				63676B5B25E724FF003C1065 /* FavoritesCell.xib */,
				63676B5C25E724FF003C1065 /* TitleCell.xib */,
				63676B5D25E724FF003C1065 /* FeaturedCell.swift */,
				63676B5E25E724FF003C1065 /* GridCell.swift */,
			);
			path = Cells;
			sourceTree = "<group>";
		};
		637B699925D2006200D476B4 /* OnBoarding + Login */ = {
			isa = PBXGroup;
			children = (
				637B699A25D2008400D476B4 /* View */,
				637B699B25D2008D00D476B4 /* Controller */,
			);
			path = "OnBoarding + Login";
			sourceTree = "<group>";
		};
		637B699A25D2008400D476B4 /* View */ = {
			isa = PBXGroup;
			children = (
				636C911725CB770900642027 /* OnboardingPageView.swift */,
				633442C125D477980082BBB9 /* LoginPageView.swift */,
			);
			path = View;
			sourceTree = "<group>";
		};
		637B699B25D2008D00D476B4 /* Controller */ = {
			isa = PBXGroup;
			children = (
				63A2DED825C76FBB00C1D31B /* OnboardingVC.swift */,
				637B69A825D2110100D476B4 /* LoginVC.swift */,
			);
			path = Controller;
			sourceTree = "<group>";
		};
		639D9E5525D70BD40005F333 /* Navigation */ = {
			isa = PBXGroup;
			children = (
				639D9E5825D70BF40005F333 /* TabBarController.swift */,
			);
			path = Navigation;
			sourceTree = "<group>";
		};
		639D9E5B25D70C220005F333 /* Home */ = {
			isa = PBXGroup;
			children = (
				63676B5525E724FF003C1065 /* Views */,
				63676B5125E724F7003C1065 /* Controller */,
				63676B4725E724C5003C1065 /* Sections */,
				637B69A525D210DF00D476B4 /* HomeViewController.swift */,
			);
			path = Home;
			sourceTree = "<group>";
		};
		639D9E6125D70C550005F333 /* New Box */ = {
			isa = PBXGroup;
			children = (
				639D9E5E25D70C4F0005F333 /* NewBoxVC.swift */,
				63FFF7FF25E33FE900B41335 /* NewBoxCell.swift */,
			);
			path = "New Box";
			sourceTree = "<group>";
		};
		639D9E6325D70C6B0005F333 /* History */ = {
			isa = PBXGroup;
			children = (
				63B050C725DB65F600FBF8C9 /* Model */,
				63B050BC25DB511100FBF8C9 /* View */,
				63B050BE25DB512800FBF8C9 /* Controller */,
			);
			path = History;
			sourceTree = "<group>";
		};
		63A2DEC825C76FBB00C1D31B = {
			isa = PBXGroup;
			children = (
				63A2DED325C76FBB00C1D31B /* subscription-box */,
				63A2DED225C76FBB00C1D31B /* Products */,
			);
			sourceTree = "<group>";
		};
		63A2DED225C76FBB00C1D31B /* Products */ = {
			isa = PBXGroup;
			children = (
				63A2DED125C76FBB00C1D31B /* subscription-box.app */,
			);
			name = Products;
			sourceTree = "<group>";
		};
		63A2DED325C76FBB00C1D31B /* subscription-box */ = {
			isa = PBXGroup;
			children = (
				63A2DED425C76FBB00C1D31B /* AppDelegate.swift */,
				63A2DED625C76FBB00C1D31B /* SceneDelegate.swift */,
				637B699925D2006200D476B4 /* OnBoarding + Login */,
				639D9E5525D70BD40005F333 /* Navigation */,
				639D9E5B25D70C220005F333 /* Home */,
				639D9E6125D70C550005F333 /* New Box */,
				639D9E6325D70C6B0005F333 /* History */,
				63A2DEDD25C76FBC00C1D31B /* Assets.xcassets */,
				63A2DEE225C76FBC00C1D31B /* Info.plist */,
				63DD458625DC9A5200C2EBBC /* UIView+Ext.swift */,
			);
			path = "subscription-box";
			sourceTree = "<group>";
		};
		63B050BC25DB511100FBF8C9 /* View */ = {
			isa = PBXGroup;
			children = (
				63B050B925DB4E7C00FBF8C9 /* HistoryCell.swift */,
				63DD458A25DC9C8A00C2EBBC /* BoxItemCell.swift */,
			);
			path = View;
			sourceTree = "<group>";
		};
		63B050BE25DB512800FBF8C9 /* Controller */ = {
			isa = PBXGroup;
			children = (
				63B050C325DB65B100FBF8C9 /* BoxItemVC.swift */,
				639D9E6525D70C860005F333 /* HistoryVC.swift */,
			);
			path = Controller;
			sourceTree = "<group>";
		};
		63B050C725DB65F600FBF8C9 /* Model */ = {
			isa = PBXGroup;
			children = (
				63B050BF25DB516E00FBF8C9 /* HistoryData.swift */,
			);
			path = Model;
			sourceTree = "<group>";
		};
/* End PBXGroup section */

/* Begin PBXNativeTarget section */
		63A2DED025C76FBB00C1D31B /* subscription-box */ = {
			isa = PBXNativeTarget;
			buildConfigurationList = 63A2DEE525C76FBC00C1D31B /* Build configuration list for PBXNativeTarget "subscription-box" */;
			buildPhases = (
				63A2DECD25C76FBB00C1D31B /* Sources */,
				63A2DECE25C76FBB00C1D31B /* Frameworks */,
				63A2DECF25C76FBB00C1D31B /* Resources */,
			);
			buildRules = (
			);
			dependencies = (
			);
			name = "subscription-box";
			productName = "subscription-box";
			productReference = 63A2DED125C76FBB00C1D31B /* subscription-box.app */;
			productType = "com.apple.product-type.application";
		};
/* End PBXNativeTarget section */

/* Begin PBXProject section */
		63A2DEC925C76FBB00C1D31B /* Project object */ = {
			isa = PBXProject;
			attributes = {
				LastSwiftUpdateCheck = 1240;
				LastUpgradeCheck = 1240;
				TargetAttributes = {
					63A2DED025C76FBB00C1D31B = {
						CreatedOnToolsVersion = 12.4;
					};
				};
			};
			buildConfigurationList = 63A2DECC25C76FBB00C1D31B /* Build configuration list for PBXProject "subscription-box" */;
			compatibilityVersion = "Xcode 9.3";
			developmentRegion = en;
			hasScannedForEncodings = 0;
			knownRegions = (
				en,
				Base,
			);
			mainGroup = 63A2DEC825C76FBB00C1D31B;
			productRefGroup = 63A2DED225C76FBB00C1D31B /* Products */;
			projectDirPath = "";
			projectRoot = "";
			targets = (
				63A2DED025C76FBB00C1D31B /* subscription-box */,
			);
		};
/* End PBXProject section */

/* Begin PBXResourcesBuildPhase section */
		63A2DECF25C76FBB00C1D31B /* Resources */ = {
			isa = PBXResourcesBuildPhase;
			buildActionMask = 2147483647;
			files = (
				63A2DEDE25C76FBC00C1D31B /* Assets.xcassets in Resources */,
				63676B6425E724FF003C1065 /* FavoritesCell.xib in Resources */,
				63676B6325E724FF003C1065 /* GridCell.xib in Resources */,
				63676B6225E724FF003C1065 /* FeaturedCell.xib in Resources */,
				63676B6525E724FF003C1065 /* TitleCell.xib in Resources */,
			);
			runOnlyForDeploymentPostprocessing = 0;
		};
/* End PBXResourcesBuildPhase section */

/* Begin PBXSourcesBuildPhase section */
		63A2DECD25C76FBB00C1D31B /* Sources */ = {
			isa = PBXSourcesBuildPhase;
			buildActionMask = 2147483647;
			files = (
				63B050C425DB65B100FBF8C9 /* BoxItemVC.swift in Sources */,
				63A2DED925C76FBB00C1D31B /* OnboardingVC.swift in Sources */,
				63676B4C25E724C5003C1065 /* FeaturedSection.swift in Sources */,
				639D9E6625D70C860005F333 /* HistoryVC.swift in Sources */,
				63676B4D25E724C5003C1065 /* BasicGridSection.swift in Sources */,
				639D9E5F25D70C4F0005F333 /* NewBoxVC.swift in Sources */,
				63DD458725DC9A5200C2EBBC /* UIView+Ext.swift in Sources */,
				63676B6825E724FF003C1065 /* Section.swift in Sources */,
				639D9E5925D70BF40005F333 /* TabBarController.swift in Sources */,
				63676B4E25E724C5003C1065 /* TitleSection.swift in Sources */,
				63676B6725E724FF003C1065 /* GridCell.swift in Sources */,
				63676B4F25E724C5003C1065 /* FavoritesSection.swift in Sources */,
				637B69A625D210DF00D476B4 /* HomeViewController.swift in Sources */,
				63676B6125E724FF003C1065 /* FavoritesCell.swift in Sources */,
				633442C225D477980082BBB9 /* LoginPageView.swift in Sources */,
				63676B6025E724FF003C1065 /* TitleCell.swift in Sources */,
				637B69A925D2110100D476B4 /* LoginVC.swift in Sources */,
				63A2DED525C76FBB00C1D31B /* AppDelegate.swift in Sources */,
				63B050C025DB516E00FBF8C9 /* HistoryData.swift in Sources */,
				63676B5325E724F7003C1065 /* HomeVC.swift in Sources */,
				636C911825CB770900642027 /* OnboardingPageView.swift in Sources */,
				63DD458B25DC9C8A00C2EBBC /* BoxItemCell.swift in Sources */,
				63A2DED725C76FBB00C1D31B /* SceneDelegate.swift in Sources */,
				63676B6625E724FF003C1065 /* FeaturedCell.swift in Sources */,
				63FFF80025E33FE900B41335 /* NewBoxCell.swift in Sources */,
				63B050BA25DB4E7C00FBF8C9 /* HistoryCell.swift in Sources */,
			);
			runOnlyForDeploymentPostprocessing = 0;
		};
/* End PBXSourcesBuildPhase section */

/* Begin XCBuildConfiguration section */
		63A2DEE325C76FBC00C1D31B /* Debug */ = {
			isa = XCBuildConfiguration;
			buildSettings = {
				ALWAYS_SEARCH_USER_PATHS = NO;
				CLANG_ANALYZER_NONNULL = YES;
				CLANG_ANALYZER_NUMBER_OBJECT_CONVERSION = YES_AGGRESSIVE;
				CLANG_CXX_LANGUAGE_STANDARD = "gnu++14";
				CLANG_CXX_LIBRARY = "libc++";
				CLANG_ENABLE_MODULES = YES;
				CLANG_ENABLE_OBJC_ARC = YES;
				CLANG_ENABLE_OBJC_WEAK = YES;
				CLANG_WARN_BLOCK_CAPTURE_AUTORELEASING = YES;
				CLANG_WARN_BOOL_CONVERSION = YES;
				CLANG_WARN_COMMA = YES;
				CLANG_WARN_CONSTANT_CONVERSION = YES;
				CLANG_WARN_DEPRECATED_OBJC_IMPLEMENTATIONS = YES;
				CLANG_WARN_DIRECT_OBJC_ISA_USAGE = YES_ERROR;
				CLANG_WARN_DOCUMENTATION_COMMENTS = YES;
				CLANG_WARN_EMPTY_BODY = YES;
				CLANG_WARN_ENUM_CONVERSION = YES;
				CLANG_WARN_INFINITE_RECURSION = YES;
				CLANG_WARN_INT_CONVERSION = YES;
				CLANG_WARN_NON_LITERAL_NULL_CONVERSION = YES;
				CLANG_WARN_OBJC_IMPLICIT_RETAIN_SELF = YES;
				CLANG_WARN_OBJC_LITERAL_CONVERSION = YES;
				CLANG_WARN_OBJC_ROOT_CLASS = YES_ERROR;
				CLANG_WARN_QUOTED_INCLUDE_IN_FRAMEWORK_HEADER = YES;
				CLANG_WARN_RANGE_LOOP_ANALYSIS = YES;
				CLANG_WARN_STRICT_PROTOTYPES = YES;
				CLANG_WARN_SUSPICIOUS_MOVE = YES;
				CLANG_WARN_UNGUARDED_AVAILABILITY = YES_AGGRESSIVE;
				CLANG_WARN_UNREACHABLE_CODE = YES;
				CLANG_WARN__DUPLICATE_METHOD_MATCH = YES;
				COPY_PHASE_STRIP = NO;
				DEBUG_INFORMATION_FORMAT = dwarf;
				ENABLE_STRICT_OBJC_MSGSEND = YES;
				ENABLE_TESTABILITY = YES;
				GCC_C_LANGUAGE_STANDARD = gnu11;
				GCC_DYNAMIC_NO_PIC = NO;
				GCC_NO_COMMON_BLOCKS = YES;
				GCC_OPTIMIZATION_LEVEL = 0;
				GCC_PREPROCESSOR_DEFINITIONS = (
					"DEBUG=1",
					"$(inherited)",
				);
				GCC_WARN_64_TO_32_BIT_CONVERSION = YES;
				GCC_WARN_ABOUT_RETURN_TYPE = YES_ERROR;
				GCC_WARN_UNDECLARED_SELECTOR = YES;
				GCC_WARN_UNINITIALIZED_AUTOS = YES_AGGRESSIVE;
				GCC_WARN_UNUSED_FUNCTION = YES;
				GCC_WARN_UNUSED_VARIABLE = YES;
				IPHONEOS_DEPLOYMENT_TARGET = 14.4;
				MTL_ENABLE_DEBUG_INFO = INCLUDE_SOURCE;
				MTL_FAST_MATH = YES;
				ONLY_ACTIVE_ARCH = YES;
				SDKROOT = iphoneos;
				SWIFT_ACTIVE_COMPILATION_CONDITIONS = DEBUG;
				SWIFT_OPTIMIZATION_LEVEL = "-Onone";
			};
			name = Debug;
		};
		63A2DEE425C76FBC00C1D31B /* Release */ = {
			isa = XCBuildConfiguration;
			buildSettings = {
				ALWAYS_SEARCH_USER_PATHS = NO;
				CLANG_ANALYZER_NONNULL = YES;
				CLANG_ANALYZER_NUMBER_OBJECT_CONVERSION = YES_AGGRESSIVE;
				CLANG_CXX_LANGUAGE_STANDARD = "gnu++14";
				CLANG_CXX_LIBRARY = "libc++";
				CLANG_ENABLE_MODULES = YES;
				CLANG_ENABLE_OBJC_ARC = YES;
				CLANG_ENABLE_OBJC_WEAK = YES;
				CLANG_WARN_BLOCK_CAPTURE_AUTORELEASING = YES;
				CLANG_WARN_BOOL_CONVERSION = YES;
				CLANG_WARN_COMMA = YES;
				CLANG_WARN_CONSTANT_CONVERSION = YES;
				CLANG_WARN_DEPRECATED_OBJC_IMPLEMENTATIONS = YES;
				CLANG_WARN_DIRECT_OBJC_ISA_USAGE = YES_ERROR;
				CLANG_WARN_DOCUMENTATION_COMMENTS = YES;
				CLANG_WARN_EMPTY_BODY = YES;
				CLANG_WARN_ENUM_CONVERSION = YES;
				CLANG_WARN_INFINITE_RECURSION = YES;
				CLANG_WARN_INT_CONVERSION = YES;
				CLANG_WARN_NON_LITERAL_NULL_CONVERSION = YES;
				CLANG_WARN_OBJC_IMPLICIT_RETAIN_SELF = YES;
				CLANG_WARN_OBJC_LITERAL_CONVERSION = YES;
				CLANG_WARN_OBJC_ROOT_CLASS = YES_ERROR;
				CLANG_WARN_QUOTED_INCLUDE_IN_FRAMEWORK_HEADER = YES;
				CLANG_WARN_RANGE_LOOP_ANALYSIS = YES;
				CLANG_WARN_STRICT_PROTOTYPES = YES;
				CLANG_WARN_SUSPICIOUS_MOVE = YES;
				CLANG_WARN_UNGUARDED_AVAILABILITY = YES_AGGRESSIVE;
				CLANG_WARN_UNREACHABLE_CODE = YES;
				CLANG_WARN__DUPLICATE_METHOD_MATCH = YES;
				COPY_PHASE_STRIP = NO;
				DEBUG_INFORMATION_FORMAT = "dwarf-with-dsym";
				ENABLE_NS_ASSERTIONS = NO;
				ENABLE_STRICT_OBJC_MSGSEND = YES;
				GCC_C_LANGUAGE_STANDARD = gnu11;
				GCC_NO_COMMON_BLOCKS = YES;
				GCC_WARN_64_TO_32_BIT_CONVERSION = YES;
				GCC_WARN_ABOUT_RETURN_TYPE = YES_ERROR;
				GCC_WARN_UNDECLARED_SELECTOR = YES;
				GCC_WARN_UNINITIALIZED_AUTOS = YES_AGGRESSIVE;
				GCC_WARN_UNUSED_FUNCTION = YES;
				GCC_WARN_UNUSED_VARIABLE = YES;
				IPHONEOS_DEPLOYMENT_TARGET = 14.4;
				MTL_ENABLE_DEBUG_INFO = NO;
				MTL_FAST_MATH = YES;
				SDKROOT = iphoneos;
				SWIFT_COMPILATION_MODE = wholemodule;
				SWIFT_OPTIMIZATION_LEVEL = "-O";
				VALIDATE_PRODUCT = YES;
			};
			name = Release;
		};
		63A2DEE625C76FBC00C1D31B /* Debug */ = {
			isa = XCBuildConfiguration;
			buildSettings = {
				ASSETCATALOG_COMPILER_APPICON_NAME = AppIcon;
				ASSETCATALOG_COMPILER_GLOBAL_ACCENT_COLOR_NAME = AccentColor;
				CODE_SIGN_STYLE = Automatic;
				INFOPLIST_FILE = "subscription-box/Info.plist";
				LD_RUNPATH_SEARCH_PATHS = (
					"$(inherited)",
					"@executable_path/Frameworks",
				);
				PRODUCT_BUNDLE_IDENTIFIER = "Make-School.subscription-box";
				PRODUCT_NAME = "$(TARGET_NAME)";
				SWIFT_VERSION = 5.0;
				TARGETED_DEVICE_FAMILY = "1,2";
			};
			name = Debug;
		};
		63A2DEE725C76FBC00C1D31B /* Release */ = {
			isa = XCBuildConfiguration;
			buildSettings = {
				ASSETCATALOG_COMPILER_APPICON_NAME = AppIcon;
				ASSETCATALOG_COMPILER_GLOBAL_ACCENT_COLOR_NAME = AccentColor;
				CODE_SIGN_STYLE = Automatic;
				INFOPLIST_FILE = "subscription-box/Info.plist";
				LD_RUNPATH_SEARCH_PATHS = (
					"$(inherited)",
					"@executable_path/Frameworks",
				);
				PRODUCT_BUNDLE_IDENTIFIER = "Make-School.subscription-box";
				PRODUCT_NAME = "$(TARGET_NAME)";
				SWIFT_VERSION = 5.0;
				TARGETED_DEVICE_FAMILY = "1,2";
			};
			name = Release;
		};
/* End XCBuildConfiguration section */

/* Begin XCConfigurationList section */
		63A2DECC25C76FBB00C1D31B /* Build configuration list for PBXProject "subscription-box" */ = {
			isa = XCConfigurationList;
			buildConfigurations = (
				63A2DEE325C76FBC00C1D31B /* Debug */,
				63A2DEE425C76FBC00C1D31B /* Release */,
			);
			defaultConfigurationIsVisible = 0;
			defaultConfigurationName = Release;
		};
		63A2DEE525C76FBC00C1D31B /* Build configuration list for PBXNativeTarget "subscription-box" */ = {
			isa = XCConfigurationList;
			buildConfigurations = (
				63A2DEE625C76FBC00C1D31B /* Debug */,
				63A2DEE725C76FBC00C1D31B /* Release */,
			);
			defaultConfigurationIsVisible = 0;
			defaultConfigurationName = Release;
		};
/* End XCConfigurationList section */
	};
	rootObject = 63A2DEC925C76FBB00C1D31B /* Project object */;
}
